// !$*UTF8*$!
{
	archiveVersion = 1;
	classes = {
	};
	objectVersion = 46;
	objects = {

/* Begin PBXBuildFile section */
		911FA3001C1E5AEB00E83653 /* SearchResult.swift in Sources */ = {isa = PBXBuildFile; fileRef = 911FA2FF1C1E5AEB00E83653 /* SearchResult.swift */; };
		913CB1D91C1E390A007CC63F /* AppDelegate.swift in Sources */ = {isa = PBXBuildFile; fileRef = 913CB1D81C1E390A007CC63F /* AppDelegate.swift */; };
		913CB1DB1C1E390A007CC63F /* SearchViewController.swift in Sources */ = {isa = PBXBuildFile; fileRef = 913CB1DA1C1E390A007CC63F /* SearchViewController.swift */; };
		913CB1DE1C1E390A007CC63F /* Main.storyboard in Resources */ = {isa = PBXBuildFile; fileRef = 913CB1DC1C1E390A007CC63F /* Main.storyboard */; };
		913CB1E01C1E390A007CC63F /* Assets.xcassets in Resources */ = {isa = PBXBuildFile; fileRef = 913CB1DF1C1E390A007CC63F /* Assets.xcassets */; };
		913CB1E31C1E390A007CC63F /* LaunchScreen.storyboard in Resources */ = {isa = PBXBuildFile; fileRef = 913CB1E11C1E390A007CC63F /* LaunchScreen.storyboard */; };
/* End PBXBuildFile section */

/* Begin PBXFileReference section */
		911FA2FF1C1E5AEB00E83653 /* SearchResult.swift */ = {isa = PBXFileReference; fileEncoding = 4; lastKnownFileType = sourcecode.swift; path = SearchResult.swift; sourceTree = "<group>"; };
		913CB1D51C1E390A007CC63F /* StoreSearch.app */ = {isa = PBXFileReference; explicitFileType = wrapper.application; includeInIndex = 0; path = StoreSearch.app; sourceTree = BUILT_PRODUCTS_DIR; };
		913CB1D81C1E390A007CC63F /* AppDelegate.swift */ = {isa = PBXFileReference; lastKnownFileType = sourcecode.swift; path = AppDelegate.swift; sourceTree = "<group>"; };
		913CB1DA1C1E390A007CC63F /* SearchViewController.swift */ = {isa = PBXFileReference; lastKnownFileType = sourcecode.swift; path = SearchViewController.swift; sourceTree = "<group>"; };
		913CB1DD1C1E390A007CC63F /* Base */ = {isa = PBXFileReference; lastKnownFileType = file.storyboard; name = Base; path = Base.lproj/Main.storyboard; sourceTree = "<group>"; };
		913CB1DF1C1E390A007CC63F /* Assets.xcassets */ = {isa = PBXFileReference; lastKnownFileType = folder.assetcatalog; path = Assets.xcassets; sourceTree = "<group>"; };
		913CB1E21C1E390A007CC63F /* Base */ = {isa = PBXFileReference; lastKnownFileType = file.storyboard; name = Base; path = Base.lproj/LaunchScreen.storyboard; sourceTree = "<group>"; };
		913CB1E41C1E390A007CC63F /* Info.plist */ = {isa = PBXFileReference; lastKnownFileType = text.plist.xml; path = Info.plist; sourceTree = "<group>"; };
/* End PBXFileReference section */

/* Begin PBXFrameworksBuildPhase section */
		913CB1D21C1E390A007CC63F /* Frameworks */ = {
			isa = PBXFrameworksBuildPhase;
			buildActionMask = 2147483647;
			files = (
			);
			runOnlyForDeploymentPostprocessing = 0;
		};
/* End PBXFrameworksBuildPhase section */

/* Begin PBXGroup section */
		913CB1CC1C1E390A007CC63F = {
			isa = PBXGroup;
			children = (
				913CB1D71C1E390A007CC63F /* StoreSearch */,
				913CB1D61C1E390A007CC63F /* Products */,
			);
			sourceTree = "<group>";
		};
		913CB1D61C1E390A007CC63F /* Products */ = {
			isa = PBXGroup;
			children = (
				913CB1D51C1E390A007CC63F /* StoreSearch.app */,
			);
			name = Products;
			sourceTree = "<group>";
		};
		913CB1D71C1E390A007CC63F /* StoreSearch */ = {
			isa = PBXGroup;
			children = (
				913CB1D81C1E390A007CC63F /* AppDelegate.swift */,
				913CB1DA1C1E390A007CC63F /* SearchViewController.swift */,
				911FA2FF1C1E5AEB00E83653 /* SearchResult.swift */,
				913CB1DC1C1E390A007CC63F /* Main.storyboard */,
				913CB1DF1C1E390A007CC63F /* Assets.xcassets */,
				913CB1E11C1E390A007CC63F /* LaunchScreen.storyboard */,
				913CB1E41C1E390A007CC63F /* Info.plist */,
			);
			path = StoreSearch;
			sourceTree = "<group>";
		};
/* End PBXGroup section */

/* Begin PBXNativeTarget section */
		913CB1D41C1E390A007CC63F /* StoreSearch */ = {
			isa = PBXNativeTarget;
			buildConfigurationList = 913CB1E71C1E390A007CC63F /* Build configuration list for PBXNativeTarget "StoreSearch" */;
			buildPhases = (
				913CB1D11C1E390A007CC63F /* Sources */,
				913CB1D21C1E390A007CC63F /* Frameworks */,
				913CB1D31C1E390A007CC63F /* Resources */,
			);
			buildRules = (
			);
			dependencies = (
			);
			name = StoreSearch;
			productName = StoreSearch;
			productReference = 913CB1D51C1E390A007CC63F /* StoreSearch.app */;
			productType = "com.apple.product-type.application";
		};
/* End PBXNativeTarget section */

/* Begin PBXProject section */
		913CB1CD1C1E390A007CC63F /* Project object */ = {
			isa = PBXProject;
			attributes = {
				LastSwiftUpdateCheck = 0720;
				LastUpgradeCheck = 0720;
				ORGANIZATIONNAME = "Kuehn LLC";
				TargetAttributes = {
					913CB1D41C1E390A007CC63F = {
						CreatedOnToolsVersion = 7.2;
					};
				};
			};
			buildConfigurationList = 913CB1D01C1E390A007CC63F /* Build configuration list for PBXProject "StoreSearch" */;
			compatibilityVersion = "Xcode 3.2";
			developmentRegion = English;
			hasScannedForEncodings = 0;
			knownRegions = (
				en,
				Base,
			);
			mainGroup = 913CB1CC1C1E390A007CC63F;
			productRefGroup = 913CB1D61C1E390A007CC63F /* Products */;
			projectDirPath = "";
			projectRoot = "";
			targets = (
				913CB1D41C1E390A007CC63F /* StoreSearch */,
			);
		};
/* End PBXProject section */

/* Begin PBXResourcesBuildPhase section */
		913CB1D31C1E390A007CC63F /* Resources */ = {
			isa = PBXResourcesBuildPhase;
			buildActionMask = 2147483647;
			files = (
				913CB1E31C1E390A007CC63F /* LaunchScreen.storyboard in Resources */,
				913CB1E01C1E390A007CC63F /* Assets.xcassets in Resources */,
				913CB1DE1C1E390A007CC63F /* Main.storyboard in Resources */,
			);
			runOnlyForDeploymentPostprocessing = 0;
		};
/* End PBXResourcesBuildPhase section */

/* Begin PBXSourcesBuildPhase section */
		913CB1D11C1E390A007CC63F /* Sources */ = {
			isa = PBXSourcesBuildPhase;
			buildActionMask = 2147483647;
			files = (
				913CB1DB1C1E390A007CC63F /* SearchViewController.swift in Sources */,
				911FA3001C1E5AEB00E83653 /* SearchResult.swift in Sources */,
				913CB1D91C1E390A007CC63F /* AppDelegate.swift in Sources */,
			);
			runOnlyForDeploymentPostprocessing = 0;
		};
/* End PBXSourcesBuildPhase section */

/* Begin PBXVariantGroup section */
		913CB1DC1C1E390A007CC63F /* Main.storyboard */ = {
			isa = PBXVariantGroup;
			children = (
				913CB1DD1C1E390A007CC63F /* Base */,
			);
			name = Main.storyboard;
			sourceTree = "<group>";
		};
		913CB1E11C1E390A007CC63F /* LaunchScreen.storyboard */ = {
			isa = PBXVariantGroup;
			children = (
				913CB1E21C1E390A007CC63F /* Base */,
			);
			name = LaunchScreen.storyboard;
			sourceTree = "<group>";
		};
/* End PBXVariantGroup section */

/* Begin XCBuildConfiguration section */
		913CB1E51C1E390A007CC63F /* Debug */ = {
			isa = XCBuildConfiguration;
			buildSettings = {
				ALWAYS_SEARCH_USER_PATHS = NO;
				CLANG_CXX_LANGUAGE_STANDARD = "gnu++0x";
				CLANG_CXX_LIBRARY = "libc++";
				CLANG_ENABLE_MODULES = YES;
				CLANG_ENABLE_OBJC_ARC = YES;
				CLANG_WARN_BOOL_CONVERSION = YES;
				CLANG_WARN_CONSTANT_CONVERSION = YES;
				CLANG_WARN_DIRECT_OBJC_ISA_USAGE = YES_ERROR;
				CLANG_WARN_EMPTY_BODY = YES;
				CLANG_WARN_ENUM_CONVERSION = YES;
				CLANG_WARN_INT_CONVERSION = YES;
				CLANG_WARN_OBJC_ROOT_CLASS = YES_ERROR;
				CLANG_WARN_UNREACHABLE_CODE = YES;
				CLANG_WARN__DUPLICATE_METHOD_MATCH = YES;
				"CODE_SIGN_IDENTITY[sdk=iphoneos*]" = "iPhone Developer";
				COPY_PHASE_STRIP = NO;
				DEBUG_INFORMATION_FORMAT = dwarf;
				ENABLE_STRICT_OBJC_MSGSEND = YES;
				ENABLE_TESTABILITY = YES;
				GCC_C_LANGUAGE_STANDARD = gnu99;
				GCC_DYNAMIC_NO_PIC = NO;
				GCC_NO_COMMON_BLOCKS = YES;
				GCC_OPTIMIZATION_LEVEL = 0;
				GCC_PREPROCESSOR_DEFINITIONS = (
					"DEBUG=1",
					"$(inherited)",
				);
				GCC_WARN_64_TO_32_BIT_CONVERSION = YES;
				GCC_WARN_ABOUT_RETURN_TYPE = YES_ERROR;
				GCC_WARN_UNDECLARED_SELECTOR = YES;
				GCC_WARN_UNINITIALIZED_AUTOS = YES_AGGRESSIVE;
				GCC_WARN_UNUSED_FUNCTION = YES;
				GCC_WARN_UNUSED_VARIABLE = YES;
				IPHONEOS_DEPLOYMENT_TARGET = 9.2;
				MTL_ENABLE_DEBUG_INFO = YES;
				ONLY_ACTIVE_ARCH = YES;
				SDKROOT = iphoneos;
				SWIFT_OPTIMIZATION_LEVEL = "-Onone";
			};
			name = Debug;
		};
		913CB1E61C1E390A007CC63F /* Release */ = {
			isa = XCBuildConfiguration;
			buildSettings = {
				ALWAYS_SEARCH_USER_PATHS = NO;
				CLANG_CXX_LANGUAGE_STANDARD = "gnu++0x";
				CLANG_CXX_LIBRARY = "libc++";
				CLANG_ENABLE_MODULES = YES;
				CLANG_ENABLE_OBJC_ARC = YES;
				CLANG_WARN_BOOL_CONVERSION = YES;
				CLANG_WARN_CONSTANT_CONVERSION = YES;
				CLANG_WARN_DIRECT_OBJC_ISA_USAGE = YES_ERROR;
				CLANG_WARN_EMPTY_BODY = YES;
				CLANG_WARN_ENUM_CONVERSION = YES;
				CLANG_WARN_INT_CONVERSION = YES;
				CLANG_WARN_OBJC_ROOT_CLASS = YES_ERROR;
				CLANG_WARN_UNREACHABLE_CODE = YES;
				CLANG_WARN__DUPLICATE_METHOD_MATCH = YES;
				"CODE_SIGN_IDENTITY[sdk=iphoneos*]" = "iPhone Developer";
				COPY_PHASE_STRIP = NO;
				DEBUG_INFORMATION_FORMAT = "dwarf-with-dsym";
				ENABLE_NS_ASSERTIONS = NO;
				ENABLE_STRICT_OBJC_MSGSEND = YES;
				GCC_C_LANGUAGE_STANDARD = gnu99;
				GCC_NO_COMMON_BLOCKS = YES;
				GCC_WARN_64_TO_32_BIT_CONVERSION = YES;
				GCC_WARN_ABOUT_RETURN_TYPE = YES_ERROR;
				GCC_WARN_UNDECLARED_SELECTOR = YES;
				GCC_WARN_UNINITIALIZED_AUTOS = YES_AGGRESSIVE;
				GCC_WARN_UNUSED_FUNCTION = YES;
				GCC_WARN_UNUSED_VARIABLE = YES;
				IPHONEOS_DEPLOYMENT_TARGET = 9.2;
				MTL_ENABLE_DEBUG_INFO = NO;
				SDKROOT = iphoneos;
				VALIDATE_PRODUCT = YES;
			};
			name = Release;
		};
		913CB1E81C1E390A007CC63F /* Debug */ = {
			isa = XCBuildConfiguration;
			buildSettings = {
				ASSETCATALOG_COMPILER_APPICON_NAME = AppIcon;
				INFOPLIST_FILE = StoreSearch/Info.plist;
				LD_RUNPATH_SEARCH_PATHS = "$(inherited) @executable_path/Frameworks";
				PRODUCT_BUNDLE_IDENTIFIER = com.student.StoreSearch;
				PRODUCT_NAME = "$(TARGET_NAME)";
			};
			name = Debug;
		};
		913CB1E91C1E390A007CC63F /* Release */ = {
			isa = XCBuildConfiguration;
			buildSettings = {
				ASSETCATALOG_COMPILER_APPICON_NAME = AppIcon;
				INFOPLIST_FILE = StoreSearch/Info.plist;
				LD_RUNPATH_SEARCH_PATHS = "$(inherited) @executable_path/Frameworks";
				PRODUCT_BUNDLE_IDENTIFIER = com.student.StoreSearch;
				PRODUCT_NAME = "$(TARGET_NAME)";
			};
			name = Release;
		};
/* End XCBuildConfiguration section */

/* Begin XCConfigurationList section */
		913CB1D01C1E390A007CC63F /* Build configuration list for PBXProject "StoreSearch" */ = {
			isa = XCConfigurationList;
			buildConfigurations = (
				913CB1E51C1E390A007CC63F /* Debug */,
				913CB1E61C1E390A007CC63F /* Release */,
			);
			defaultConfigurationIsVisible = 0;
			defaultConfigurationName = Release;
		};
		913CB1E71C1E390A007CC63F /* Build configuration list for PBXNativeTarget "StoreSearch" */ = {
			isa = XCConfigurationList;
			buildConfigurations = (
				913CB1E81C1E390A007CC63F /* Debug */,
				913CB1E91C1E390A007CC63F /* Release */,
			);
			defaultConfigurationIsVisible = 0;
			defaultConfigurationName = Release;
		};
/* End XCConfigurationList section */
	};
	rootObject = 913CB1CD1C1E390A007CC63F /* Project object */;
}
